// !$*UTF8*$!
{
    archiveVersion = 1;
    classes = {};
    objectVersion = 46;
    rootObject = __RootObject_;
    objects = {
        __RootObject_ = {
            isa = PBXProject;
            attributes = {LastUpgradeCheck = 9999;};
            buildConfigurationList = ___RootConfs_;
            compatibilityVersion = 'Xcode 3.2';
            developmentRegion = English;
            hasScannedForEncodings = 0;
            knownRegions = (en);
            mainGroup = ___RootGroup_;
            productRefGroup = ____Products_;
            projectDirPath = '';
            projectRoot = '';
            targets = (______Target_RateLimit, ______Target_RateLimitTests);
        };
        '__PBXFileRef_Package.swift' = {
            isa = PBXFileReference;
            lastKnownFileType = sourcecode.swift;
            path = 'Package.swift';
            sourceTree = '<group>';
        };
        ___RootGroup_ = {
            isa = PBXGroup;
            children = ('__PBXFileRef_Package.swift', _____Configs_, _____Sources_,  Dependencies_, _______Tests_, ____Products_);
            sourceTree = '<group>';
        };
        '__PBXFileRef_Sources/RateLimit/PersistentRateLimit.swift' = {
            name = 'PersistentRateLimit.swift';
            isa = PBXFileReference;
            lastKnownFileType = sourcecode.swift;
            path = 'Sources/RateLimit/PersistentRateLimit.swift';
            sourceTree = '<group>';
        };
        '__PBXFileRef_Sources/RateLimit/RateLimit.swift' = {
            name = 'RateLimit.swift';
            isa = PBXFileReference;
            lastKnownFileType = sourcecode.swift;
            path = 'Sources/RateLimit/RateLimit.swift';
            sourceTree = '<group>';
        };
        _______Group_RateLimit = {
            isa = PBXGroup;
            name = 'RateLimit';
            sourceTree = '<group>';
            children = ('__PBXFileRef_Sources/RateLimit/PersistentRateLimit.swift', '__PBXFileRef_Sources/RateLimit/RateLimit.swift');
        };
        ______Target_RateLimit = {
            isa = PBXNativeTarget;
            buildConfigurationList = _______Confs_RateLimit;
            buildPhases = (
CompilePhase_RateLimit, ___LinkPhase_RateLimit);
            buildRules = ();
            dependencies = ();
            name = 'RateLimit';
            productName = RateLimit;
            productReference = _____Product_RateLimit;
            productType = 'com.apple.product-type.framework';
        };
        _____Product_RateLimit = {
            isa = PBXFileReference;
            explicitFileType = 'wrapper.framework';
            path = 'RateLimit.framework';
            sourceTree = BUILT_PRODUCTS_DIR;
        };
        CompilePhase_RateLimit = {
            isa = PBXSourcesBuildPhase;
            files = ('__src_cc_ref_Sources/RateLimit/PersistentRateLimit.swift', '__src_cc_ref_Sources/RateLimit/RateLimit.swift');
            runOnlyForDeploymentPostprocessing = 0;
        };
        '__src_cc_ref_Sources/RateLimit/PersistentRateLimit.swift' = {
            isa = PBXBuildFile;
            fileRef = '__PBXFileRef_Sources/RateLimit/PersistentRateLimit.swift';
        };
        '__src_cc_ref_Sources/RateLimit/RateLimit.swift' = {
            isa = PBXBuildFile;
            fileRef = '__PBXFileRef_Sources/RateLimit/RateLimit.swift';
        };
        ___LinkPhase_RateLimit = {
            isa = PBXFrameworksBuildPhase;
            files = ();
            runOnlyForDeploymentPostprocessing = 0;
        };
        _______Confs_RateLimit = {
            isa = XCConfigurationList;
            buildConfigurations = (___DebugConf_RateLimit, _ReleaseConf_RateLimit);
            defaultConfigurationIsVisible = 0;
            defaultConfigurationName = Debug;
        };
        ___DebugConf_RateLimit = {
            isa = XCBuildConfiguration;
            buildSettings = { ENABLE_TESTABILITY = "YES" ;  FRAMEWORK_SEARCH_PATHS = "$(PLATFORM_DIR)/Developer/Library/Frameworks" ;  INFOPLIST_FILE = "RateLimit.xcodeproj/RateLimit_Info.plist" ;  LD_RUNPATH_SEARCH_PATHS = "\"$(TOOLCHAIN_DIR)/usr/lib/swift/macosx\"" ;  LIBRARY_SEARCH_PATHS = "\"$(PROJECT_TEMP_DIR)/SymlinkLibs/\"" ;  OTHER_LDFLAGS = "\"$(inherited)\"" ;  OTHER_SWIFT_FLAGS = "\"$(inherited)\"" ;  PRODUCT_BUNDLE_IDENTIFIER = "RateLimit" ;  PRODUCT_MODULE_NAME = "$(TARGET_NAME:c99extidentifier)" ;  PRODUCT_NAME = "$(TARGET_NAME:c99extidentifier)" ;  SWIFT_ACTIVE_COMPILATION_CONDITIONS = "SWIFT_PACKAGE" ;  SWIFT_VERSION = "3.0" ; };
            name = Debug;
        };
        _ReleaseConf_RateLimit = {
            isa = XCBuildConfiguration;
            buildSettings = { ENABLE_TESTABILITY = "YES" ;  FRAMEWORK_SEARCH_PATHS = "$(PLATFORM_DIR)/Developer/Library/Frameworks" ;  INFOPLIST_FILE = "RateLimit.xcodeproj/RateLimit_Info.plist" ;  LD_RUNPATH_SEARCH_PATHS = "\"$(TOOLCHAIN_DIR)/usr/lib/swift/macosx\"" ;  LIBRARY_SEARCH_PATHS = "\"$(PROJECT_TEMP_DIR)/SymlinkLibs/\"" ;  OTHER_LDFLAGS = "\"$(inherited)\"" ;  OTHER_SWIFT_FLAGS = "\"$(inherited)\"" ;  PRODUCT_BUNDLE_IDENTIFIER = "RateLimit" ;  PRODUCT_MODULE_NAME = "$(TARGET_NAME:c99extidentifier)" ;  PRODUCT_NAME = "$(TARGET_NAME:c99extidentifier)" ;  SWIFT_ACTIVE_COMPILATION_CONDITIONS = "SWIFT_PACKAGE" ;  SWIFT_VERSION = "3.0" ; };
            name = Release;
        };
        __Dependency_RateLimit = {
            isa = PBXTargetDependency;
            target = ______Target_RateLimit;
        };
        '__PBXFileRef_Tests/RateLimitTests/RateLimitTests.swift' = {
            name = 'RateLimitTests.swift';
            isa = PBXFileReference;
            lastKnownFileType = sourcecode.swift;
            path = 'Tests/RateLimitTests/RateLimitTests.swift';
            sourceTree = '<group>';
        };
        _______Group_RateLimitTests = {
            isa = PBXGroup;
            name = 'RateLimitTests';
            sourceTree = '<group>';
            children = ('__PBXFileRef_Tests/RateLimitTests/RateLimitTests.swift');
        };
        ______Target_RateLimitTests = {
            isa = PBXNativeTarget;
            buildConfigurationList = _______Confs_RateLimitTests;
            buildPhases = (
CompilePhase_RateLimitTests, ___LinkPhase_RateLimitTests);
            buildRules = ();
            dependencies = (__Dependency_RateLimit);
            name = 'RateLimitTests';
            productName = RateLimitTests;
            productReference = _____Product_RateLimitTests;
            productType = 'com.apple.product-type.bundle.unit-test';
        };
        _____Product_RateLimitTests = {
            isa = PBXFileReference;
            explicitFileType = 'compiled.mach-o.wrapper.cfbundle';
            path = 'RateLimitTests.xctest';
            sourceTree = BUILT_PRODUCTS_DIR;
        };
        CompilePhase_RateLimitTests = {
            isa = PBXSourcesBuildPhase;
            files = ('__src_cc_ref_Tests/RateLimitTests/RateLimitTests.swift');
            runOnlyForDeploymentPostprocessing = 0;
        };
        '__src_cc_ref_Tests/RateLimitTests/RateLimitTests.swift' = {
            isa = PBXBuildFile;
            fileRef = '__PBXFileRef_Tests/RateLimitTests/RateLimitTests.swift';
        };
        ___LinkPhase_RateLimitTests = {
            isa = PBXFrameworksBuildPhase;
            files = (_LinkFileRef_RateLimit_via_RateLimitTests);
            runOnlyForDeploymentPostprocessing = 0;
        };
        _LinkFileRef_RateLimit_via_RateLimitTests = {
            isa = PBXBuildFile;
            fileRef = _____Product_RateLimit;
        };
        _______Confs_RateLimitTests = {
            isa = XCConfigurationList;
            buildConfigurations = (___DebugConf_RateLimitTests, _ReleaseConf_RateLimitTests);
            defaultConfigurationIsVisible = 0;
            defaultConfigurationName = Debug;
        };
        ___DebugConf_RateLimitTests = {
            isa = XCBuildConfiguration;
            buildSettings = { EMBEDDED_CONTENT_CONTAINS_SWIFT = "YES" ;  FRAMEWORK_SEARCH_PATHS = "$(PLATFORM_DIR)/Developer/Library/Frameworks" ;  INFOPLIST_FILE = "RateLimit.xcodeproj/RateLimitTests_Info.plist" ;  LD_RUNPATH_SEARCH_PATHS = "@loader_path/../Frameworks" ;  LIBRARY_SEARCH_PATHS = "\"$(PROJECT_TEMP_DIR)/SymlinkLibs/\"" ;  OTHER_LDFLAGS = "\"$(inherited)\"" ;  OTHER_SWIFT_FLAGS = "\"$(inherited)\"" ;  SWIFT_ACTIVE_COMPILATION_CONDITIONS = "SWIFT_PACKAGE" ;  SWIFT_VERSION = "3.0" ; };
            name = Debug;
        };
        _ReleaseConf_RateLimitTests = {
            isa = XCBuildConfiguration;
            buildSettings = { EMBEDDED_CONTENT_CONTAINS_SWIFT = "YES" ;  FRAMEWORK_SEARCH_PATHS = "$(PLATFORM_DIR)/Developer/Library/Frameworks" ;  INFOPLIST_FILE = "RateLimit.xcodeproj/RateLimitTests_Info.plist" ;  LD_RUNPATH_SEARCH_PATHS = "@loader_path/../Frameworks" ;  LIBRARY_SEARCH_PATHS = "\"$(PROJECT_TEMP_DIR)/SymlinkLibs/\"" ;  OTHER_LDFLAGS = "\"$(inherited)\"" ;  OTHER_SWIFT_FLAGS = "\"$(inherited)\"" ;  SWIFT_ACTIVE_COMPILATION_CONDITIONS = "SWIFT_PACKAGE" ;  SWIFT_VERSION = "3.0" ; };
            name = Release;
        };
        __Dependency_RateLimitTests = {
            isa = PBXTargetDependency;
            target = ______Target_RateLimitTests;
        };
        '__PBXFileRef_RateLimit.xcodeproj/Configs/Project.xcconfig' = {
            isa = PBXFileReference;
            lastKnownFileType = text.xcconfig;
            path = 'RateLimit.xcodeproj/Configs/Project.xcconfig';
            sourceTree = '<group>';
        };
        '__PBXFileRef_RateLimit.xcodeproj/Configs/Debug.xcconfig' = {
            isa = PBXFileReference;
            lastKnownFileType = text.xcconfig;
            path = 'RateLimit.xcodeproj/Configs/Debug.xcconfig';
            sourceTree = '<group>';
        };
        '__PBXFileRef_RateLimit.xcodeproj/Configs/Release.xcconfig' = {
            isa = PBXFileReference;
            lastKnownFileType = text.xcconfig;
            path = 'RateLimit.xcodeproj/Configs/Release.xcconfig';
            sourceTree = '<group>';
        };
        _____Configs_ = {
            isa = PBXGroup;
            children = ('__PBXFileRef_RateLimit.xcodeproj/Configs/Project.xcconfig', '__PBXFileRef_RateLimit.xcodeproj/Configs/Debug.xcconfig', '__PBXFileRef_RateLimit.xcodeproj/Configs/Release.xcconfig');
            name = Configs;
            sourceTree = '<group>';
        };
        _____Sources_ = {
            isa = PBXGroup;
            children = (_______Group_RateLimit);
            name = Sources;
            sourceTree = '<group>';
        };
        _______Tests_ = {
            isa = PBXGroup;
            children = (_______Group_RateLimitTests);
            name = Tests;
            sourceTree = '<group>';
        };
       TestProducts_ = {
            isa = PBXGroup;
            children = (_____Product_RateLimitTests);
            name = Tests;
            sourceTree = '<group>';
        };
        ____Products_ = {
            isa = PBXGroup;
            children = (TestProducts_, _____Product_RateLimit);
            name = Products;
            sourceTree = '<group>';
        };
        _______Debug_ = {
            isa = XCBuildConfiguration;
            baseConfigurationReference = '__PBXFileRef_RateLimit.xcodeproj/Configs/Debug.xcconfig';
            buildSettings = {};
            name = Debug;
        };
        _____Release_ = {
            isa = XCBuildConfiguration;
            baseConfigurationReference = '__PBXFileRef_RateLimit.xcodeproj/Configs/Release.xcconfig';
            buildSettings = {};
            name = Release;
        };
        ___RootConfs_ = {
            isa = XCConfigurationList;
            buildConfigurations = (_______Debug_, _____Release_);
            defaultConfigurationIsVisible = 0;
            defaultConfigurationName = Debug;
        };
    };
}
